
Microsoft Visual Studio Solution File, Format Version 12.00
# Visual Studio 15
VisualStudioVersion = 15.0.28307.757
MinimumVisualStudioVersion = 10.0.40219.1
Project("{FAE04EC0-301F-11D3-BF4B-00C04F79EFBC}") = "CodingChallenges", "CodingChallenges\CodingChallenges.csproj", "{D261299B-12CE-4BFF-901F-A6F3AE4A50AD}"
EndProject
Global
	GlobalSection(SolutionConfigurationPlatforms) = preSolution
		Debug|Any CPU = Debug|Any CPU
		Release|Any CPU = Release|Any CPU
	EndGlobalSection
	GlobalSection(ProjectConfigurationPlatforms) = postSolution
		{D261299B-12CE-4BFF-901F-A6F3AE4A50AD}.Debug|Any CPU.ActiveCfg = Debug|Any CPU
		{D261299B-12CE-4BFF-901F-A6F3AE4A50AD}.Debug|Any CPU.Build.0 = Debug|Any CPU
		{D261299B-12CE-4BFF-901F-A6F3AE4A50AD}.Release|Any CPU.ActiveCfg = Release|Any CPU
		{D261299B-12CE-4BFF-901F-A6F3AE4A50AD}.Release|Any CPU.Build.0 = Release|Any CPU
	EndGlobalSection
	GlobalSection(SolutionProperties) = preSolution
		HideSolutionNode = FALSE
	EndGlobalSection
	GlobalSection(ExtensibilityGlobals) = postSolution
		SolutionGuid = {1F7A659E-1CBA-4539-AB8A-60DF169FE825}
	EndGlobalSection
EndGlobal
